Microsoft Visual Studio Solution File, Format Version 12.00
# Visual Studio Version 17
VisualStudioVersion = 17.11.35312.102
MinimumVisualStudioVersion = 16.0.0.0
Project("{2150E333-8FDC-42A3-9474-1A3956D46DE8}") = ".Solution Items", ".Solution Items", "{ADBDBCD6-6621-4494-B290-DBFBBBEB2D99}"
	ProjectSection(SolutionItems) = preProject
		.editorconfig = .editorconfig
		.gitignore = .gitignore
		Directory.Build.props = Directory.Build.props
		Directory.Build.targets = Directory.Build.targets
		Directory.Packages.props = Directory.Packages.props
		global.json = global.json
		InlayTester.UI.Web.sln.DotSettings = InlayTester.UI.Web.sln.DotSettings
		InlayTester.UI.Web.v3.ncrunchsolution = InlayTester.UI.Web.v3.ncrunchsolution
		LICENSE = LICENSE
		nuget.config = nuget.config
		_cleanup.cmd = _cleanup.cmd
	EndProjectSection
EndProject
Project("{9A19103F-16F7-4668-BE54-9A1E7A4F7556}") = "InlayTester.Domain", "src\InlayTester.Domain\InlayTester.Domain.csproj", "{428AAECB-07A8-417C-AA95-AA847D51BC8A}"
EndProject
Project("{9A19103F-16F7-4668-BE54-9A1E7A4F7556}") = "InlayTester.Infrastructure.Gateway", "src\InlayTester.Infrastructure.Gateway\InlayTester.Infrastructure.Gateway.csproj", "{BD474DD9-ED86-4015-B899-FA0B8EADBB32}"
EndProject
Project("{9A19103F-16F7-4668-BE54-9A1E7A4F7556}") = "InlayTester.UI.Web", "src\InlayTester.UI.Web\InlayTester.UI.Web.csproj", "{95EA96CE-1276-4DA9-B103-6C56A9186E72}"
EndProject
Project("{FAE04EC0-301F-11D3-BF4B-00C04F79EFBC}") = "InlayTester.Domain.Tests", "src\InlayTester.Domain.Tests\InlayTester.Domain.Tests.csproj", "{AFF51020-8F52-45F7-8D80-8F9B30D9D708}"
EndProject
Project("{2150E333-8FDC-42A3-9474-1A3956D46DE8}") = "Domain", "Domain", "{218142B1-EA9D-4215-AC43-873E85C9C107}"
EndProject
Project("{2150E333-8FDC-42A3-9474-1A3956D46DE8}") = "Infrastructure", "Infrastructure", "{EDE3B005-3835-47F8-9934-49DAB7A11906}"
EndProject
Project("{2150E333-8FDC-42A3-9474-1A3956D46DE8}") = "Application", "Application", "{D8722FA9-22D6-4AA1-B87D-B00F52B7610E}"
EndProject
Project("{FAE04EC0-301F-11D3-BF4B-00C04F79EFBC}") = "InlayTester.Infrastructure.Services", "src\InlayTester.Infrastructure.Services\InlayTester.Infrastructure.Services.csproj", "{71A19E77-1739-4EB7-ABB5-4E1472B4A1FF}"
EndProject
Project("{FAE04EC0-301F-11D3-BF4B-00C04F79EFBC}") = "InlayTester.UI.Web.Shell", "src\InlayTester.UI.Web.Shell\InlayTester.UI.Web.Shell.csproj", "{6E226237-92CF-45AE-99A3-F3764431ACDC}"
EndProject
Project("{FAE04EC0-301F-11D3-BF4B-00C04F79EFBC}") = "InlayTester.UI.Web.Shell.Abstractions", "src\InlayTester.UI.Web.Shell.Abstractions\InlayTester.UI.Web.Shell.Abstractions.csproj", "{CD879C97-409A-41A3-AE13-73EEF73435EA}"
EndProject
Project("{FAE04EC0-301F-11D3-BF4B-00C04F79EFBC}") = "InlayTester.UI.Web.Theme", "src\InlayTester.UI.Web.Theme\InlayTester.UI.Web.Theme.csproj", "{1F045C1F-5708-4939-8F2F-1D535C4BEF86}"
EndProject
Project("{FAE04EC0-301F-11D3-BF4B-00C04F79EFBC}") = "InlayTester.UI.Web.Components", "src\InlayTester.UI.Web.Components\InlayTester.UI.Web.Components.csproj", "{6023F640-77EA-4DF5-8EC9-C3FC7D42E5FD}"
EndProject
Project("{2150E333-8FDC-42A3-9474-1A3956D46DE8}") = "Base", "Base", "{B72F14BC-9070-4255-95FE-DCC56A6CA247}"
EndProject
Project("{2150E333-8FDC-42A3-9474-1A3956D46DE8}") = "Shell", "Shell", "{A42D88F7-5A12-42A8-948D-8A7794226CC2}"
EndProject
Project("{2150E333-8FDC-42A3-9474-1A3956D46DE8}") = "Administer", "Administer", "{6E6DBB1E-289D-428C-BB34-CC47D94840F7}"
EndProject
Project("{2150E333-8FDC-42A3-9474-1A3956D46DE8}") = "Users", "Users", "{894FB251-50F2-4C40-9576-C5F237B22AE8}"
EndProject
Project("{FAE04EC0-301F-11D3-BF4B-00C04F79EFBC}") = "InlayTester.UI.Web.Users", "src\InlayTester.UI.Web.Users\InlayTester.UI.Web.Users.csproj", "{3A90B4FF-C8FB-47D4-86B5-B89F495ED74D}"
EndProject
Project("{FAE04EC0-301F-11D3-BF4B-00C04F79EFBC}") = "InlayTester.UI.Web.Shell.Components", "src\InlayTester.UI.Web.Shell.Components\InlayTester.UI.Web.Shell.Components.csproj", "{3EE3CE4B-2E6D-4134-977A-169A9552C4C9}"
EndProject
Project("{FAE04EC0-301F-11D3-BF4B-00C04F79EFBC}") = "InlayTester.UI.Web.Validations", "src\InlayTester.UI.Web.Validations\InlayTester.UI.Web.Validations.csproj", "{7DB0975F-F552-4BE4-AA82-D7CFAC11F307}"
EndProject
Global
	GlobalSection(SolutionConfigurationPlatforms) = preSolution
		Debug|Any CPU = Debug|Any CPU
		Release|Any CPU = Release|Any CPU
	EndGlobalSection
	GlobalSection(ProjectConfigurationPlatforms) = postSolution
		{428AAECB-07A8-417C-AA95-AA847D51BC8A}.Debug|Any CPU.ActiveCfg = Debug|Any CPU
		{428AAECB-07A8-417C-AA95-AA847D51BC8A}.Debug|Any CPU.Build.0 = Debug|Any CPU
		{428AAECB-07A8-417C-AA95-AA847D51BC8A}.Release|Any CPU.ActiveCfg = Release|Any CPU
		{428AAECB-07A8-417C-AA95-AA847D51BC8A}.Release|Any CPU.Build.0 = Release|Any CPU
		{BD474DD9-ED86-4015-B899-FA0B8EADBB32}.Debug|Any CPU.ActiveCfg = Debug|Any CPU
		{BD474DD9-ED86-4015-B899-FA0B8EADBB32}.Debug|Any CPU.Build.0 = Debug|Any CPU
		{BD474DD9-ED86-4015-B899-FA0B8EADBB32}.Release|Any CPU.ActiveCfg = Release|Any CPU
		{BD474DD9-ED86-4015-B899-FA0B8EADBB32}.Release|Any CPU.Build.0 = Release|Any CPU
		{95EA96CE-1276-4DA9-B103-6C56A9186E72}.Debug|Any CPU.ActiveCfg = Debug|Any CPU
		{95EA96CE-1276-4DA9-B103-6C56A9186E72}.Debug|Any CPU.Build.0 = Debug|Any CPU
		{95EA96CE-1276-4DA9-B103-6C56A9186E72}.Release|Any CPU.ActiveCfg = Release|Any CPU
		{95EA96CE-1276-4DA9-B103-6C56A9186E72}.Release|Any CPU.Build.0 = Release|Any CPU
		{AFF51020-8F52-45F7-8D80-8F9B30D9D708}.Debug|Any CPU.ActiveCfg = Debug|Any CPU
		{AFF51020-8F52-45F7-8D80-8F9B30D9D708}.Debug|Any CPU.Build.0 = Debug|Any CPU
		{AFF51020-8F52-45F7-8D80-8F9B30D9D708}.Release|Any CPU.ActiveCfg = Release|Any CPU
		{AFF51020-8F52-45F7-8D80-8F9B30D9D708}.Release|Any CPU.Build.0 = Release|Any CPU
		{71A19E77-1739-4EB7-ABB5-4E1472B4A1FF}.Debug|Any CPU.ActiveCfg = Debug|Any CPU
		{71A19E77-1739-4EB7-ABB5-4E1472B4A1FF}.Debug|Any CPU.Build.0 = Debug|Any CPU
		{71A19E77-1739-4EB7-ABB5-4E1472B4A1FF}.Release|Any CPU.ActiveCfg = Release|Any CPU
		{71A19E77-1739-4EB7-ABB5-4E1472B4A1FF}.Release|Any CPU.Build.0 = Release|Any CPU
		{6E226237-92CF-45AE-99A3-F3764431ACDC}.Debug|Any CPU.ActiveCfg = Debug|Any CPU
		{6E226237-92CF-45AE-99A3-F3764431ACDC}.Debug|Any CPU.Build.0 = Debug|Any CPU
		{6E226237-92CF-45AE-99A3-F3764431ACDC}.Release|Any CPU.ActiveCfg = Release|Any CPU
		{6E226237-92CF-45AE-99A3-F3764431ACDC}.Release|Any CPU.Build.0 = Release|Any CPU
		{CD879C97-409A-41A3-AE13-73EEF73435EA}.Debug|Any CPU.ActiveCfg = Debug|Any CPU
		{CD879C97-409A-41A3-AE13-73EEF73435EA}.Debug|Any CPU.Build.0 = Debug|Any CPU
		{CD879C97-409A-41A3-AE13-73EEF73435EA}.Release|Any CPU.ActiveCfg = Release|Any CPU
		{CD879C97-409A-41A3-AE13-73EEF73435EA}.Release|Any CPU.Build.0 = Release|Any CPU
		{1F045C1F-5708-4939-8F2F-1D535C4BEF86}.Debug|Any CPU.ActiveCfg = Debug|Any CPU
		{1F045C1F-5708-4939-8F2F-1D535C4BEF86}.Debug|Any CPU.Build.0 = Debug|Any CPU
		{1F045C1F-5708-4939-8F2F-1D535C4BEF86}.Release|Any CPU.ActiveCfg = Release|Any CPU
		{1F045C1F-5708-4939-8F2F-1D535C4BEF86}.Release|Any CPU.Build.0 = Release|Any CPU
		{6023F640-77EA-4DF5-8EC9-C3FC7D42E5FD}.Debug|Any CPU.ActiveCfg = Debug|Any CPU
		{6023F640-77EA-4DF5-8EC9-C3FC7D42E5FD}.Debug|Any CPU.Build.0 = Debug|Any CPU
		{6023F640-77EA-4DF5-8EC9-C3FC7D42E5FD}.Release|Any CPU.ActiveCfg = Release|Any CPU
		{6023F640-77EA-4DF5-8EC9-C3FC7D42E5FD}.Release|Any CPU.Build.0 = Release|Any CPU
		{3A90B4FF-C8FB-47D4-86B5-B89F495ED74D}.Debug|Any CPU.ActiveCfg = Debug|Any CPU
		{3A90B4FF-C8FB-47D4-86B5-B89F495ED74D}.Debug|Any CPU.Build.0 = Debug|Any CPU
		{3A90B4FF-C8FB-47D4-86B5-B89F495ED74D}.Release|Any CPU.ActiveCfg = Release|Any CPU
		{3A90B4FF-C8FB-47D4-86B5-B89F495ED74D}.Release|Any CPU.Build.0 = Release|Any CPU
		{3EE3CE4B-2E6D-4134-977A-169A9552C4C9}.Debug|Any CPU.ActiveCfg = Debug|Any CPU
		{3EE3CE4B-2E6D-4134-977A-169A9552C4C9}.Debug|Any CPU.Build.0 = Debug|Any CPU
		{3EE3CE4B-2E6D-4134-977A-169A9552C4C9}.Release|Any CPU.ActiveCfg = Release|Any CPU
		{3EE3CE4B-2E6D-4134-977A-169A9552C4C9}.Release|Any CPU.Build.0 = Release|Any CPU
		{7DB0975F-F552-4BE4-AA82-D7CFAC11F307}.Debug|Any CPU.ActiveCfg = Debug|Any CPU
		{7DB0975F-F552-4BE4-AA82-D7CFAC11F307}.Debug|Any CPU.Build.0 = Debug|Any CPU
		{7DB0975F-F552-4BE4-AA82-D7CFAC11F307}.Release|Any CPU.ActiveCfg = Release|Any CPU
		{7DB0975F-F552-4BE4-AA82-D7CFAC11F307}.Release|Any CPU.Build.0 = Release|Any CPU
	EndGlobalSection
	GlobalSection(SolutionProperties) = preSolution
		HideSolutionNode = FALSE
	EndGlobalSection
	GlobalSection(NestedProjects) = preSolution
		{428AAECB-07A8-417C-AA95-AA847D51BC8A} = {218142B1-EA9D-4215-AC43-873E85C9C107}
		{BD474DD9-ED86-4015-B899-FA0B8EADBB32} = {EDE3B005-3835-47F8-9934-49DAB7A11906}
		{95EA96CE-1276-4DA9-B103-6C56A9186E72} = {D8722FA9-22D6-4AA1-B87D-B00F52B7610E}
		{AFF51020-8F52-45F7-8D80-8F9B30D9D708} = {218142B1-EA9D-4215-AC43-873E85C9C107}
		{71A19E77-1739-4EB7-ABB5-4E1472B4A1FF} = {EDE3B005-3835-47F8-9934-49DAB7A11906}
		{6E226237-92CF-45AE-99A3-F3764431ACDC} = {A42D88F7-5A12-42A8-948D-8A7794226CC2}
		{CD879C97-409A-41A3-AE13-73EEF73435EA} = {A42D88F7-5A12-42A8-948D-8A7794226CC2}
		{1F045C1F-5708-4939-8F2F-1D535C4BEF86} = {B72F14BC-9070-4255-95FE-DCC56A6CA247}
		{6023F640-77EA-4DF5-8EC9-C3FC7D42E5FD} = {B72F14BC-9070-4255-95FE-DCC56A6CA247}
		{B72F14BC-9070-4255-95FE-DCC56A6CA247} = {D8722FA9-22D6-4AA1-B87D-B00F52B7610E}
		{A42D88F7-5A12-42A8-948D-8A7794226CC2} = {D8722FA9-22D6-4AA1-B87D-B00F52B7610E}
		{6E6DBB1E-289D-428C-BB34-CC47D94840F7} = {D8722FA9-22D6-4AA1-B87D-B00F52B7610E}
		{894FB251-50F2-4C40-9576-C5F237B22AE8} = {6E6DBB1E-289D-428C-BB34-CC47D94840F7}
		{3A90B4FF-C8FB-47D4-86B5-B89F495ED74D} = {894FB251-50F2-4C40-9576-C5F237B22AE8}
		{3EE3CE4B-2E6D-4134-977A-169A9552C4C9} = {A42D88F7-5A12-42A8-948D-8A7794226CC2}
		{7DB0975F-F552-4BE4-AA82-D7CFAC11F307} = {B72F14BC-9070-4255-95FE-DCC56A6CA247}
	EndGlobalSection
	GlobalSection(ExtensibilityGlobals) = postSolution
		SolutionGuid = {2ACE93FE-21C4-44EA-A94A-90BE41EB2DB7}
	EndGlobalSection
EndGlobal
